// !$*UTF8*$!
{
	archiveVersion = 1;
	classes = {
	};
	objectVersion = 56;
	objects = {

/* Begin PBXBuildFile section */
		01E8A9E12951EA2A00EB5569 /* ExampleAUApp.swift in Sources */ = {isa = PBXBuildFile; fileRef = 01E8A9E02951EA2A00EB5569 /* ExampleAUApp.swift */; };
		01E8A9E62951EA2B00EB5569 /* Assets.xcassets in Resources */ = {isa = PBXBuildFile; fileRef = 01E8A9E52951EA2B00EB5569 /* Assets.xcassets */; };
		01E8A9ED2951EA2B00EB5569 /* ExampleAUExtension.appex in Embed Foundation Extensions */ = {isa = PBXBuildFile; fileRef = 01E8A9EC2951EA2B00EB5569 /* ExampleAUExtension.appex */; settings = {ATTRIBUTES = (RemoveHeadersOnCopy, ); }; };
		01E8A9F22951EA2B00EB5569 /* README.md in Resources */ = {isa = PBXBuildFile; fileRef = 01E8A9F12951EA2B00EB5569 /* README.md */; };
		01E8AA1A2951EA2B00EB5569 /* AudioUnitViewController.swift in Sources */ = {isa = PBXBuildFile; fileRef = 01E8AA192951EA2B00EB5569 /* AudioUnitViewController.swift */; };
		01E8AA2A2951F09A00EB5569 /* ExampleAudioUnit.mm in Sources */ = {isa = PBXBuildFile; fileRef = 01E8AA282951F09A00EB5569 /* ExampleAudioUnit.mm */; };
/* End PBXBuildFile section */

/* Begin PBXContainerItemProxy section */
		01E8A9EE2951EA2B00EB5569 /* PBXContainerItemProxy */ = {
			isa = PBXContainerItemProxy;
			containerPortal = 01E8A9BD2951EA2A00EB5569 /* Project object */;
			proxyType = 1;
			remoteGlobalIDString = 01E8A9EB2951EA2B00EB5569;
			remoteInfo = ExampleAUExtension;
		};
/* End PBXContainerItemProxy section */

/* Begin PBXCopyFilesBuildPhase section */
		01E8AA212951EA2B00EB5569 /* Embed Foundation Extensions */ = {
			isa = PBXCopyFilesBuildPhase;
			buildActionMask = 2147483647;
			dstPath = "";
			dstSubfolderSpec = 13;
			files = (
				01E8A9ED2951EA2B00EB5569 /* ExampleAUExtension.appex in Embed Foundation Extensions */,
			);
			name = "Embed Foundation Extensions";
			runOnlyForDeploymentPostprocessing = 0;
		};
/* End PBXCopyFilesBuildPhase section */

/* Begin PBXFileReference section */
		01E8A9C52951EA2A00EB5569 /* ExampleAU.app */ = {isa = PBXFileReference; explicitFileType = wrapper.application; includeInIndex = 0; path = ExampleAU.app; sourceTree = BUILT_PRODUCTS_DIR; };
		01E8A9E02951EA2A00EB5569 /* ExampleAUApp.swift */ = {isa = PBXFileReference; lastKnownFileType = sourcecode.swift; path = ExampleAUApp.swift; sourceTree = "<group>"; };
		01E8A9E52951EA2B00EB5569 /* Assets.xcassets */ = {isa = PBXFileReference; lastKnownFileType = folder.assetcatalog; path = Assets.xcassets; sourceTree = "<group>"; };
		01E8A9E72951EA2B00EB5569 /* ExampleAU.entitlements */ = {isa = PBXFileReference; lastKnownFileType = text.plist.entitlements; path = ExampleAU.entitlements; sourceTree = "<group>"; };
		01E8A9EC2951EA2B00EB5569 /* ExampleAUExtension.appex */ = {isa = PBXFileReference; explicitFileType = "wrapper.app-extension"; includeInIndex = 0; path = ExampleAUExtension.appex; sourceTree = BUILT_PRODUCTS_DIR; };
		01E8A9F12951EA2B00EB5569 /* README.md */ = {isa = PBXFileReference; lastKnownFileType = net.daringfireball.markdown; path = README.md; sourceTree = "<group>"; };
		01E8AA192951EA2B00EB5569 /* AudioUnitViewController.swift */ = {isa = PBXFileReference; lastKnownFileType = sourcecode.swift; path = AudioUnitViewController.swift; sourceTree = "<group>"; };
		01E8AA1B2951EA2B00EB5569 /* Info.plist */ = {isa = PBXFileReference; lastKnownFileType = text.plist.xml; path = Info.plist; sourceTree = "<group>"; };
		01E8AA272951F09900EB5569 /* ExampleAUExtension-Bridging-Header.h */ = {isa = PBXFileReference; lastKnownFileType = sourcecode.c.h; path = "ExampleAUExtension-Bridging-Header.h"; sourceTree = "<group>"; };
		01E8AA282951F09A00EB5569 /* ExampleAudioUnit.mm */ = {isa = PBXFileReference; fileEncoding = 4; lastKnownFileType = sourcecode.cpp.objcpp; path = ExampleAudioUnit.mm; sourceTree = "<group>"; };
		01E8AA292951F09A00EB5569 /* ExampleAudioUnit.h */ = {isa = PBXFileReference; fileEncoding = 4; lastKnownFileType = sourcecode.c.h; path = ExampleAudioUnit.h; sourceTree = "<group>"; };
/* End PBXFileReference section */

/* Begin PBXFrameworksBuildPhase section */
		01E8A9C22951EA2A00EB5569 /* Frameworks */ = {
			isa = PBXFrameworksBuildPhase;
			buildActionMask = 2147483647;
			files = (
			);
			runOnlyForDeploymentPostprocessing = 0;
		};
		01E8A9E92951EA2B00EB5569 /* Frameworks */ = {
			isa = PBXFrameworksBuildPhase;
			buildActionMask = 2147483647;
			files = (
			);
			runOnlyForDeploymentPostprocessing = 0;
		};
/* End PBXFrameworksBuildPhase section */

/* Begin PBXGroup section */
		01E8A9BC2951EA2A00EB5569 = {
			isa = PBXGroup;
			children = (
				01E8A9F12951EA2B00EB5569 /* README.md */,
				01E8A9C72951EA2A00EB5569 /* ExampleAU */,
				01E8A9F02951EA2B00EB5569 /* ExampleAUExtension */,
				01E8A9C62951EA2A00EB5569 /* Products */,
			);
			sourceTree = "<group>";
		};
		01E8A9C62951EA2A00EB5569 /* Products */ = {
			isa = PBXGroup;
			children = (
				01E8A9C52951EA2A00EB5569 /* ExampleAU.app */,
				01E8A9EC2951EA2B00EB5569 /* ExampleAUExtension.appex */,
			);
			name = Products;
			sourceTree = "<group>";
		};
		01E8A9C72951EA2A00EB5569 /* ExampleAU */ = {
			isa = PBXGroup;
			children = (
				01E8A9E02951EA2A00EB5569 /* ExampleAUApp.swift */,
				01E8A9E52951EA2B00EB5569 /* Assets.xcassets */,
				01E8A9E72951EA2B00EB5569 /* ExampleAU.entitlements */,
			);
			path = ExampleAU;
			sourceTree = "<group>";
		};
		01E8A9F02951EA2B00EB5569 /* ExampleAUExtension */ = {
			isa = PBXGroup;
			children = (
				01E8AA192951EA2B00EB5569 /* AudioUnitViewController.swift */,
				01E8AA292951F09A00EB5569 /* ExampleAudioUnit.h */,
				01E8AA282951F09A00EB5569 /* ExampleAudioUnit.mm */,
				01E8AA272951F09900EB5569 /* ExampleAUExtension-Bridging-Header.h */,
				01E8AA1B2951EA2B00EB5569 /* Info.plist */,
			);
			path = ExampleAUExtension;
			sourceTree = "<group>";
		};
/* End PBXGroup section */

/* Begin PBXNativeTarget section */
		01E8A9C42951EA2A00EB5569 /* ExampleAU */ = {
			isa = PBXNativeTarget;
			buildConfigurationList = 01E8AA222951EA2B00EB5569 /* Build configuration list for PBXNativeTarget "ExampleAU" */;
			buildPhases = (
				01E8A9C12951EA2A00EB5569 /* Sources */,
				01E8A9C22951EA2A00EB5569 /* Frameworks */,
				01E8A9C32951EA2A00EB5569 /* Resources */,
				01E8AA212951EA2B00EB5569 /* Embed Foundation Extensions */,
			);
			buildRules = (
			);
			dependencies = (
				01E8A9EF2951EA2B00EB5569 /* PBXTargetDependency */,
			);
			name = ExampleAU;
			productName = ExampleAU;
			productReference = 01E8A9C52951EA2A00EB5569 /* ExampleAU.app */;
			productType = "com.apple.product-type.application";
		};
		01E8A9EB2951EA2B00EB5569 /* ExampleAUExtension */ = {
			isa = PBXNativeTarget;
			buildConfigurationList = 01E8AA1E2951EA2B00EB5569 /* Build configuration list for PBXNativeTarget "ExampleAUExtension" */;
			buildPhases = (
				01E8A9E82951EA2B00EB5569 /* Sources */,
				01E8A9E92951EA2B00EB5569 /* Frameworks */,
				01E8A9EA2951EA2B00EB5569 /* Resources */,
			);
			buildRules = (
			);
			dependencies = (
			);
			name = ExampleAUExtension;
			productName = ExampleAUExtension;
			productReference = 01E8A9EC2951EA2B00EB5569 /* ExampleAUExtension.appex */;
			productType = "com.apple.product-type.app-extension";
		};
/* End PBXNativeTarget section */

/* Begin PBXProject section */
		01E8A9BD2951EA2A00EB5569 /* Project object */ = {
			isa = PBXProject;
			attributes = {
				BuildIndependentTargetsInParallel = 1;
				LastSwiftUpdateCheck = 1420;
				LastUpgradeCheck = 1420;
				TargetAttributes = {
					01E8A9C42951EA2A00EB5569 = {
						CreatedOnToolsVersion = 14.2;
					};
					01E8A9EB2951EA2B00EB5569 = {
						CreatedOnToolsVersion = 14.2;
						LastSwiftMigration = 1420;
					};
				};
			};
			buildConfigurationList = 01E8A9C02951EA2A00EB5569 /* Build configuration list for PBXProject "ExampleAU" */;
			compatibilityVersion = "Xcode 14.0";
			developmentRegion = en;
			hasScannedForEncodings = 0;
			knownRegions = (
				en,
				Base,
			);
			mainGroup = 01E8A9BC2951EA2A00EB5569;
			productRefGroup = 01E8A9C62951EA2A00EB5569 /* Products */;
			projectDirPath = "";
			projectRoot = "";
			targets = (
				01E8A9C42951EA2A00EB5569 /* ExampleAU */,
				01E8A9EB2951EA2B00EB5569 /* ExampleAUExtension */,
			);
		};
/* End PBXProject section */

/* Begin PBXResourcesBuildPhase section */
		01E8A9C32951EA2A00EB5569 /* Resources */ = {
			isa = PBXResourcesBuildPhase;
			buildActionMask = 2147483647;
			files = (
				01E8A9E62951EA2B00EB5569 /* Assets.xcassets in Resources */,
			);
			runOnlyForDeploymentPostprocessing = 0;
		};
		01E8A9EA2951EA2B00EB5569 /* Resources */ = {
			isa = PBXResourcesBuildPhase;
			buildActionMask = 2147483647;
			files = (
				01E8A9F22951EA2B00EB5569 /* README.md in Resources */,
			);
			runOnlyForDeploymentPostprocessing = 0;
		};
/* End PBXResourcesBuildPhase section */

/* Begin PBXSourcesBuildPhase section */
		01E8A9C12951EA2A00EB5569 /* Sources */ = {
			isa = PBXSourcesBuildPhase;
			buildActionMask = 2147483647;
			files = (
				01E8A9E12951EA2A00EB5569 /* ExampleAUApp.swift in Sources */,
			);
			runOnlyForDeploymentPostprocessing = 0;
		};
		01E8A9E82951EA2B00EB5569 /* Sources */ = {
			isa = PBXSourcesBuildPhase;
			buildActionMask = 2147483647;
			files = (
				01E8AA1A2951EA2B00EB5569 /* AudioUnitViewController.swift in Sources */,
				01E8AA2A2951F09A00EB5569 /* ExampleAudioUnit.mm in Sources */,
			);
			runOnlyForDeploymentPostprocessing = 0;
		};
/* End PBXSourcesBuildPhase section */

/* Begin PBXTargetDependency section */
		01E8A9EF2951EA2B00EB5569 /* PBXTargetDependency */ = {
			isa = PBXTargetDependency;
			target = 01E8A9EB2951EA2B00EB5569 /* ExampleAUExtension */;
			targetProxy = 01E8A9EE2951EA2B00EB5569 /* PBXContainerItemProxy */;
		};
/* End PBXTargetDependency section */

/* Begin XCBuildConfiguration section */
		01E8AA1C2951EA2B00EB5569 /* Debug */ = {
			isa = XCBuildConfiguration;
			buildSettings = {
				ALWAYS_SEARCH_USER_PATHS = NO;
				CLANG_ANALYZER_NONNULL = YES;
				CLANG_ANALYZER_NUMBER_OBJECT_CONVERSION = YES_AGGRESSIVE;
				CLANG_CXX_LANGUAGE_STANDARD = "gnu++20";
				CLANG_ENABLE_MODULES = YES;
				CLANG_ENABLE_OBJC_ARC = YES;
				CLANG_ENABLE_OBJC_WEAK = YES;
				CLANG_WARN_BLOCK_CAPTURE_AUTORELEASING = YES;
				CLANG_WARN_BOOL_CONVERSION = YES;
				CLANG_WARN_COMMA = YES;
				CLANG_WARN_CONSTANT_CONVERSION = YES;
				CLANG_WARN_DEPRECATED_OBJC_IMPLEMENTATIONS = YES;
				CLANG_WARN_DIRECT_OBJC_ISA_USAGE = YES_ERROR;
				CLANG_WARN_DOCUMENTATION_COMMENTS = YES;
				CLANG_WARN_EMPTY_BODY = YES;
				CLANG_WARN_ENUM_CONVERSION = YES;
				CLANG_WARN_INFINITE_RECURSION = YES;
				CLANG_WARN_INT_CONVERSION = YES;
				CLANG_WARN_NON_LITERAL_NULL_CONVERSION = YES;
				CLANG_WARN_OBJC_IMPLICIT_RETAIN_SELF = YES;
				CLANG_WARN_OBJC_LITERAL_CONVERSION = YES;
				CLANG_WARN_OBJC_ROOT_CLASS = YES_ERROR;
				CLANG_WARN_QUOTED_INCLUDE_IN_FRAMEWORK_HEADER = YES;
				CLANG_WARN_RANGE_LOOP_ANALYSIS = YES;
				CLANG_WARN_STRICT_PROTOTYPES = YES;
				CLANG_WARN_SUSPICIOUS_MOVE = YES;
				CLANG_WARN_UNGUARDED_AVAILABILITY = YES_AGGRESSIVE;
				CLANG_WARN_UNREACHABLE_CODE = YES;
				CLANG_WARN__DUPLICATE_METHOD_MATCH = YES;
				COPY_PHASE_STRIP = NO;
				DEBUG_INFORMATION_FORMAT = dwarf;
				ENABLE_STRICT_OBJC_MSGSEND = YES;
				ENABLE_TESTABILITY = YES;
				GCC_C_LANGUAGE_STANDARD = gnu11;
				GCC_DYNAMIC_NO_PIC = NO;
				GCC_NO_COMMON_BLOCKS = YES;
				GCC_OPTIMIZATION_LEVEL = 0;
				GCC_PREPROCESSOR_DEFINITIONS = (
					"DEBUG=1",
					"$(inherited)",
				);
				GCC_WARN_64_TO_32_BIT_CONVERSION = YES;
				GCC_WARN_ABOUT_RETURN_TYPE = YES_ERROR;
				GCC_WARN_UNDECLARED_SELECTOR = YES;
				GCC_WARN_UNINITIALIZED_AUTOS = YES_AGGRESSIVE;
				GCC_WARN_UNUSED_FUNCTION = YES;
				GCC_WARN_UNUSED_VARIABLE = YES;
				MACOSX_DEPLOYMENT_TARGET = 13.1;
				MTL_ENABLE_DEBUG_INFO = INCLUDE_SOURCE;
				MTL_FAST_MATH = YES;
				ONLY_ACTIVE_ARCH = YES;
				SDKROOT = macosx;
				SWIFT_ACTIVE_COMPILATION_CONDITIONS = DEBUG;
				SWIFT_OPTIMIZATION_LEVEL = "-Onone";
			};
			name = Debug;
		};
		01E8AA1D2951EA2B00EB5569 /* Release */ = {
			isa = XCBuildConfiguration;
			buildSettings = {
				ALWAYS_SEARCH_USER_PATHS = NO;
				CLANG_ANALYZER_NONNULL = YES;
				CLANG_ANALYZER_NUMBER_OBJECT_CONVERSION = YES_AGGRESSIVE;
				CLANG_CXX_LANGUAGE_STANDARD = "gnu++20";
				CLANG_ENABLE_MODULES = YES;
				CLANG_ENABLE_OBJC_ARC = YES;
				CLANG_ENABLE_OBJC_WEAK = YES;
				CLANG_WARN_BLOCK_CAPTURE_AUTORELEASING = YES;
				CLANG_WARN_BOOL_CONVERSION = YES;
				CLANG_WARN_COMMA = YES;
				CLANG_WARN_CONSTANT_CONVERSION = YES;
				CLANG_WARN_DEPRECATED_OBJC_IMPLEMENTATIONS = YES;
				CLANG_WARN_DIRECT_OBJC_ISA_USAGE = YES_ERROR;
				CLANG_WARN_DOCUMENTATION_COMMENTS = YES;
				CLANG_WARN_EMPTY_BODY = YES;
				CLANG_WARN_ENUM_CONVERSION = YES;
				CLANG_WARN_INFINITE_RECURSION = YES;
				CLANG_WARN_INT_CONVERSION = YES;
				CLANG_WARN_NON_LITERAL_NULL_CONVERSION = YES;
				CLANG_WARN_OBJC_IMPLICIT_RETAIN_SELF = YES;
				CLANG_WARN_OBJC_LITERAL_CONVERSION = YES;
				CLANG_WARN_OBJC_ROOT_CLASS = YES_ERROR;
				CLANG_WARN_QUOTED_INCLUDE_IN_FRAMEWORK_HEADER = YES;
				CLANG_WARN_RANGE_LOOP_ANALYSIS = YES;
				CLANG_WARN_STRICT_PROTOTYPES = YES;
				CLANG_WARN_SUSPICIOUS_MOVE = YES;
				CLANG_WARN_UNGUARDED_AVAILABILITY = YES_AGGRESSIVE;
				CLANG_WARN_UNREACHABLE_CODE = YES;
				CLANG_WARN__DUPLICATE_METHOD_MATCH = YES;
				COPY_PHASE_STRIP = NO;
				DEBUG_INFORMATION_FORMAT = "dwarf-with-dsym";
				ENABLE_NS_ASSERTIONS = NO;
				ENABLE_STRICT_OBJC_MSGSEND = YES;
				GCC_C_LANGUAGE_STANDARD = gnu11;
				GCC_NO_COMMON_BLOCKS = YES;
				GCC_WARN_64_TO_32_BIT_CONVERSION = YES;
				GCC_WARN_ABOUT_RETURN_TYPE = YES_ERROR;
				GCC_WARN_UNDECLARED_SELECTOR = YES;
				GCC_WARN_UNINITIALIZED_AUTOS = YES_AGGRESSIVE;
				GCC_WARN_UNUSED_FUNCTION = YES;
				GCC_WARN_UNUSED_VARIABLE = YES;
				MACOSX_DEPLOYMENT_TARGET = 13.1;
				MTL_ENABLE_DEBUG_INFO = NO;
				MTL_FAST_MATH = YES;
				SDKROOT = macosx;
				SWIFT_COMPILATION_MODE = wholemodule;
				SWIFT_OPTIMIZATION_LEVEL = "-O";
			};
			name = Release;
		};
		01E8AA1F2951EA2B00EB5569 /* Debug */ = {
			isa = XCBuildConfiguration;
			buildSettings = {
				CLANG_CXX_LIBRARY = "libc++";
				CLANG_ENABLE_MODULES = YES;
				CODE_SIGN_STYLE = Automatic;
				CURRENT_PROJECT_VERSION = 1;
				ENABLE_APP_SANDBOX = YES;
				ENABLE_USER_SELECTED_FILES = readonly;
				GENERATE_INFOPLIST_FILE = YES;
				INFOPLIST_FILE = ExampleAUExtension/Info.plist;
				INFOPLIST_KEY_CFBundleDisplayName = ExampleAUExtension;
				INFOPLIST_KEY_NSHumanReadableCopyright = "";
				LD_RUNPATH_SEARCH_PATHS = (
					"$(inherited)",
					"@executable_path/../Frameworks",
					"@executable_path/../../../../Frameworks",
				);
				MACOSX_DEPLOYMENT_TARGET = 13.0;
				MARKETING_VERSION = 1.0;
				PRODUCT_BUNDLE_IDENTIFIER = com.example.ExampleAU.ExampleAUExtension;
				PRODUCT_NAME = "$(TARGET_NAME)";
				SKIP_INSTALL = YES;
				SWIFT_EMIT_LOC_STRINGS = YES;
				SWIFT_OBJC_BRIDGING_HEADER = "ExampleAUExtension/ExampleAUExtension-Bridging-Header.h";
				SWIFT_OPTIMIZATION_LEVEL = "-Onone";
				SWIFT_VERSION = 5.0;
			};
			name = Debug;
		};
		01E8AA202951EA2B00EB5569 /* Release */ = {
			isa = XCBuildConfiguration;
			buildSettings = {
				CLANG_CXX_LIBRARY = "libc++";
				CLANG_ENABLE_MODULES = YES;
				CODE_SIGN_STYLE = Automatic;
				CURRENT_PROJECT_VERSION = 1;
				ENABLE_APP_SANDBOX = YES;
				ENABLE_USER_SELECTED_FILES = readonly;
				GENERATE_INFOPLIST_FILE = YES;
				INFOPLIST_FILE = ExampleAUExtension/Info.plist;
				INFOPLIST_KEY_CFBundleDisplayName = ExampleAUExtension;
				INFOPLIST_KEY_NSHumanReadableCopyright = "";
				LD_RUNPATH_SEARCH_PATHS = (
					"$(inherited)",
					"@executable_path/../Frameworks",
					"@executable_path/../../../../Frameworks",
				);
				MACOSX_DEPLOYMENT_TARGET = 13.0;
				MARKETING_VERSION = 1.0;
				PRODUCT_BUNDLE_IDENTIFIER = com.example.ExampleAU.ExampleAUExtension;
				PRODUCT_NAME = "$(TARGET_NAME)";
				SKIP_INSTALL = YES;
				SWIFT_EMIT_LOC_STRINGS = YES;
				SWIFT_OBJC_BRIDGING_HEADER = "ExampleAUExtension/ExampleAUExtension-Bridging-Header.h";
				SWIFT_VERSION = 5.0;
			};
			name = Release;
		};
		01E8AA232951EA2B00EB5569 /* Debug */ = {
			isa = XCBuildConfiguration;
			buildSettings = {
				ALWAYS_EMBED_SWIFT_STANDARD_LIBRARIES = YES;
				ASSETCATALOG_COMPILER_APPICON_NAME = AppIcon;
				ASSETCATALOG_COMPILER_GLOBAL_ACCENT_COLOR_NAME = AccentColor;
				CODE_SIGN_ENTITLEMENTS = ExampleAU/ExampleAU.entitlements;
				CODE_SIGN_STYLE = Automatic;
				COMBINE_HIDPI_IMAGES = YES;
				CURRENT_PROJECT_VERSION = 1;
				ENABLE_APP_SANDBOX = YES;
				ENABLE_HARDENED_RUNTIME = YES;
				ENABLE_PREVIEWS = YES;
				ENABLE_USER_SELECTED_FILES = readonly;
				GENERATE_INFOPLIST_FILE = YES;
				INFOPLIST_KEY_CFBundleDisplayName = ExampleAU;
				INFOPLIST_KEY_NSHumanReadableCopyright = "";
				LD_RUNPATH_SEARCH_PATHS = (
					"$(inherited)",
					"@executable_path/../Frameworks",
				);
				MACOSX_DEPLOYMENT_TARGET = 13.0;
				MARKETING_VERSION = 1.0;
				OTHER_LDFLAGS = (
					"-framework",
					AudioToolbox,
					"-framework",
					AVFoundation,
				);
				PRODUCT_BUNDLE_IDENTIFIER = com.example.ExampleAU;
				PRODUCT_NAME = "$(TARGET_NAME)";
				SWIFT_EMIT_LOC_STRINGS = YES;
				SWIFT_VERSION = 5.0;
			};
			name = Debug;
		};
		01E8AA242951EA2B00EB5569 /* Release */ = {
			isa = XCBuildConfiguration;
			buildSettings = {
				ALWAYS_EMBED_SWIFT_STANDARD_LIBRARIES = YES;
				ASSETCATALOG_COMPILER_APPICON_NAME = AppIcon;
				ASSETCATALOG_COMPILER_GLOBAL_ACCENT_COLOR_NAME = AccentColor;
				CODE_SIGN_ENTITLEMENTS = ExampleAU/ExampleAU.entitlements;
				CODE_SIGN_STYLE = Automatic;
				COMBINE_HIDPI_IMAGES = YES;
				CURRENT_PROJECT_VERSION = 1;
				ENABLE_APP_SANDBOX = YES;
				ENABLE_HARDENED_RUNTIME = YES;
				ENABLE_PREVIEWS = YES;
				ENABLE_USER_SELECTED_FILES = readonly;
				GENERATE_INFOPLIST_FILE = YES;
				INFOPLIST_KEY_CFBundleDisplayName = ExampleAU;
				INFOPLIST_KEY_NSHumanReadableCopyright = "";
				LD_RUNPATH_SEARCH_PATHS = (
					"$(inherited)",
					"@executable_path/../Frameworks",
				);
				MACOSX_DEPLOYMENT_TARGET = 13.0;
				MARKETING_VERSION = 1.0;
				OTHER_LDFLAGS = (
					"-framework",
					AudioToolbox,
					"-framework",
					AVFoundation,
				);
				PRODUCT_BUNDLE_IDENTIFIER = com.example.ExampleAU;
				PRODUCT_NAME = "$(TARGET_NAME)";
				SWIFT_EMIT_LOC_STRINGS = YES;
				SWIFT_VERSION = 5.0;
			};
			name = Release;
		};
/* End XCBuildConfiguration section */

/* Begin XCConfigurationList section */
		01E8A9C02951EA2A00EB5569 /* Build configuration list for PBXProject "ExampleAU" */ = {
			isa = XCConfigurationList;
			buildConfigurations = (
				01E8AA1C2951EA2B00EB5569 /* Debug */,
				01E8AA1D2951EA2B00EB5569 /* Release */,
			);
			defaultConfigurationIsVisible = 0;
			defaultConfigurationName = Release;
		};
		01E8AA1E2951EA2B00EB5569 /* Build configuration list for PBXNativeTarget "ExampleAUExtension" */ = {
			isa = XCConfigurationList;
			buildConfigurations = (
				01E8AA1F2951EA2B00EB5569 /* Debug */,
				01E8AA202951EA2B00EB5569 /* Release */,
			);
			defaultConfigurationIsVisible = 0;
			defaultConfigurationName = Release;
		};
		01E8AA222951EA2B00EB5569 /* Build configuration list for PBXNativeTarget "ExampleAU" */ = {
			isa = XCConfigurationList;
			buildConfigurations = (
				01E8AA232951EA2B00EB5569 /* Debug */,
				01E8AA242951EA2B00EB5569 /* Release */,
			);
			defaultConfigurationIsVisible = 0;
			defaultConfigurationName = Release;
		};
/* End XCConfigurationList section */
	};
	rootObject = 01E8A9BD2951EA2A00EB5569 /* Project object */;
}
